
Microsoft Visual Studio Solution File, Format Version 12.00
# Visual Studio Version 16
VisualStudioVersion = 25.0.1705.0
MinimumVisualStudioVersion = 10.0.40219.1
Project("{FAE04EC0-301F-11D3-BF4B-00C04F79EFBC}") = "LambdaTriggers", "LambdaTriggers\LambdaTriggers.csproj", "{170009F9-B173-4896-BA10-C510C1E4BAF3}"
EndProject
Project("{FAE04EC0-301F-11D3-BF4B-00C04F79EFBC}") = "LambdaTriggers.Tests", "LambdaTriggers.Tests\LambdaTriggers.Tests.csproj", "{57621A2D-E820-4A2F-87A1-8FC1A85B4528}"
EndProject
Global
	GlobalSection(SolutionConfigurationPlatforms) = preSolution
		Debug|Any CPU = Debug|Any CPU
		Release|Any CPU = Release|Any CPU
	EndGlobalSection
	GlobalSection(ProjectConfigurationPlatforms) = postSolution
		{170009F9-B173-4896-BA10-C510C1E4BAF3}.Debug|Any CPU.ActiveCfg = Debug|Any CPU
		{170009F9-B173-4896-BA10-C510C1E4BAF3}.Debug|Any CPU.Build.0 = Debug|Any CPU
		{170009F9-B173-4896-BA10-C510C1E4BAF3}.Release|Any CPU.ActiveCfg = Release|Any CPU
		{170009F9-B173-4896-BA10-C510C1E4BAF3}.Release|Any CPU.Build.0 = Release|Any CPU
		{57621A2D-E820-4A2F-87A1-8FC1A85B4528}.Debug|Any CPU.ActiveCfg = Debug|Any CPU
		{57621A2D-E820-4A2F-87A1-8FC1A85B4528}.Debug|Any CPU.Build.0 = Debug|Any CPU
		{57621A2D-E820-4A2F-87A1-8FC1A85B4528}.Release|Any CPU.ActiveCfg = Release|Any CPU
		{57621A2D-E820-4A2F-87A1-8FC1A85B4528}.Release|Any CPU.Build.0 = Release|Any CPU
	EndGlobalSection
	GlobalSection(SolutionProperties) = preSolution
		HideSolutionNode = FALSE
	EndGlobalSection
	GlobalSection(ExtensibilityGlobals) = postSolution
		SolutionGuid = {6A9396FE-D752-4780-B5D8-FA52E925D40E}
	EndGlobalSection
EndGlobal
